
Microsoft Visual Studio Solution File, Format Version 12.00
# Visual Studio Version 17
VisualStudioVersion = 17.11.35222.181
MinimumVisualStudioVersion = 10.0.40219.1
Project("{FAE04EC0-301F-11D3-BF4B-00C04F79EFBC}") = "test-collaborate", "test-collaborate\test-collaborate.csproj", "{9CE803B0-4CF5-478C-9498-0CBE57972D0A}"
EndProject
Global
	GlobalSection(SolutionConfigurationPlatforms) = preSolution
		Debug|Any CPU = Debug|Any CPU
		Release|Any CPU = Release|Any CPU
	EndGlobalSection
	GlobalSection(ProjectConfigurationPlatforms) = postSolution
		{9CE803B0-4CF5-478C-9498-0CBE57972D0A}.Debug|Any CPU.ActiveCfg = Debug|Any CPU
		{9CE803B0-4CF5-478C-9498-0CBE57972D0A}.Debug|Any CPU.Build.0 = Debug|Any CPU
		{9CE803B0-4CF5-478C-9498-0CBE57972D0A}.Release|Any CPU.ActiveCfg = Release|Any CPU
		{9CE803B0-4CF5-478C-9498-0CBE57972D0A}.Release|Any CPU.Build.0 = Release|Any CPU
	EndGlobalSection
	GlobalSection(SolutionProperties) = preSolution
		HideSolutionNode = FALSE
	EndGlobalSection
	GlobalSection(ExtensibilityGlobals) = postSolution
		SolutionGuid = {B1B44D93-7070-44EA-8D21-289B1007E211}
	EndGlobalSection
EndGlobal
